
Microsoft Visual Studio Solution File, Format Version 12.00
# Visual Studio 14
VisualStudioVersion = 14.0.23107.0
MinimumVisualStudioVersion = 10.0.40219.1
Project("{FAE04EC0-301F-11D3-BF4B-00C04F79EFBC}") = "LexLib", "LexLib\LexLib.csproj", "{58F5C49B-B0BD-41C4-A5CD-0B4DA245E165}"
EndProject
Project("{FAE04EC0-301F-11D3-BF4B-00C04F79EFBC}") = "CsLexConsole", "CsLexConsole\CsLexConsole.csproj", "{5C546382-F671-4F11-A51C-9AB00B5D13D9}"
EndProject
Global
	GlobalSection(SolutionConfigurationPlatforms) = preSolution
		Debug|Any CPU = Debug|Any CPU
		Release|Any CPU = Release|Any CPU
	EndGlobalSection
	GlobalSection(ProjectConfigurationPlatforms) = postSolution
		{58F5C49B-B0BD-41C4-A5CD-0B4DA245E165}.Debug|Any CPU.ActiveCfg = Debug|Any CPU
		{58F5C49B-B0BD-41C4-A5CD-0B4DA245E165}.Debug|Any CPU.Build.0 = Debug|Any CPU
		{58F5C49B-B0BD-41C4-A5CD-0B4DA245E165}.Release|Any CPU.ActiveCfg = Release|Any CPU
		{58F5C49B-B0BD-41C4-A5CD-0B4DA245E165}.Release|Any CPU.Build.0 = Release|Any CPU
		{5C546382-F671-4F11-A51C-9AB00B5D13D9}.Debug|Any CPU.ActiveCfg = Debug|Any CPU
		{5C546382-F671-4F11-A51C-9AB00B5D13D9}.Debug|Any CPU.Build.0 = Debug|Any CPU
		{5C546382-F671-4F11-A51C-9AB00B5D13D9}.Release|Any CPU.ActiveCfg = Release|Any CPU
		{5C546382-F671-4F11-A51C-9AB00B5D13D9}.Release|Any CPU.Build.0 = Release|Any CPU
	EndGlobalSection
	GlobalSection(SolutionProperties) = preSolution
		HideSolutionNode = FALSE
	EndGlobalSection
EndGlobal
